PODS:
  - Alamofire (4.9.1)
  - boost-for-react-native (1.63.0)
  - DoubleConversion (1.1.6)
  - FBLazyVector (0.63.0)
  - FBReactNativeSpec (0.63.0):
    - Folly (= 2020.01.13.00)
    - RCTRequired (= 0.63.0)
    - RCTTypeSafety (= 0.63.0)
    - React-Core (= 0.63.0)
    - React-jsi (= 0.63.0)
    - ReactCommon/turbomodule/core (= 0.63.0)
  - Folly (2020.01.13.00):
    - boost-for-react-native
    - DoubleConversion
    - Folly/Default (= 2020.01.13.00)
    - glog
  - Folly/Default (2020.01.13.00):
    - boost-for-react-native
    - DoubleConversion
    - glog
  - glog (0.3.5)
  - Kingfisher (4.8.0)
  - MagicalRecord (2.3.2):
    - MagicalRecord/Core (= 2.3.2)
  - MagicalRecord/Core (2.3.2)
  - ObjectMapper (3.3.0)
  - Permission-Camera (2.1.5):
    - RNPermissions
  - RCTRequired (0.63.0)
  - RCTTypeSafety (0.63.0):
    - FBLazyVector (= 0.63.0)
    - Folly (= 2020.01.13.00)
    - RCTRequired (= 0.63.0)
    - React-Core (= 0.63.0)
  - React (0.63.0):
    - React-Core (= 0.63.0)
    - React-Core/DevSupport (= 0.63.0)
    - React-Core/RCTWebSocket (= 0.63.0)
    - React-RCTActionSheet (= 0.63.0)
    - React-RCTAnimation (= 0.63.0)
    - React-RCTBlob (= 0.63.0)
    - React-RCTImage (= 0.63.0)
    - React-RCTLinking (= 0.63.0)
    - React-RCTNetwork (= 0.63.0)
    - React-RCTSettings (= 0.63.0)
    - React-RCTText (= 0.63.0)
    - React-RCTVibration (= 0.63.0)
  - React-callinvoker (0.63.0)
  - React-Core (0.63.0):
    - Folly (= 2020.01.13.00)
    - glog
    - React-Core/Default (= 0.63.0)
    - React-cxxreact (= 0.63.0)
    - React-jsi (= 0.63.0)
    - React-jsiexecutor (= 0.63.0)
    - Yoga
  - React-Core/CoreModulesHeaders (0.63.0):
    - Folly (= 2020.01.13.00)
    - glog
    - React-Core/Default
    - React-cxxreact (= 0.63.0)
    - React-jsi (= 0.63.0)
    - React-jsiexecutor (= 0.63.0)
    - Yoga
  - React-Core/Default (0.63.0):
    - Folly (= 2020.01.13.00)
    - glog
    - React-cxxreact (= 0.63.0)
    - React-jsi (= 0.63.0)
    - React-jsiexecutor (= 0.63.0)
    - Yoga
  - React-Core/DevSupport (0.63.0):
    - Folly (= 2020.01.13.00)
    - glog
    - React-Core/Default (= 0.63.0)
    - React-Core/RCTWebSocket (= 0.63.0)
    - React-cxxreact (= 0.63.0)
    - React-jsi (= 0.63.0)
    - React-jsiexecutor (= 0.63.0)
    - React-jsinspector (= 0.63.0)
    - Yoga
  - React-Core/RCTActionSheetHeaders (0.63.0):
    - Folly (= 2020.01.13.00)
    - glog
    - React-Core/Default
    - React-cxxreact (= 0.63.0)
    - React-jsi (= 0.63.0)
    - React-jsiexecutor (= 0.63.0)
    - Yoga
  - React-Core/RCTAnimationHeaders (0.63.0):
    - Folly (= 2020.01.13.00)
    - glog
    - React-Core/Default
    - React-cxxreact (= 0.63.0)
    - React-jsi (= 0.63.0)
    - React-jsiexecutor (= 0.63.0)
    - Yoga
  - React-Core/RCTBlobHeaders (0.63.0):
    - Folly (= 2020.01.13.00)
    - glog
    - React-Core/Default
    - React-cxxreact (= 0.63.0)
    - React-jsi (= 0.63.0)
    - React-jsiexecutor (= 0.63.0)
    - Yoga
  - React-Core/RCTImageHeaders (0.63.0):
    - Folly (= 2020.01.13.00)
    - glog
    - React-Core/Default
    - React-cxxreact (= 0.63.0)
    - React-jsi (= 0.63.0)
    - React-jsiexecutor (= 0.63.0)
    - Yoga
  - React-Core/RCTLinkingHeaders (0.63.0):
    - Folly (= 2020.01.13.00)
    - glog
    - React-Core/Default
    - React-cxxreact (= 0.63.0)
    - React-jsi (= 0.63.0)
    - React-jsiexecutor (= 0.63.0)
    - Yoga
  - React-Core/RCTNetworkHeaders (0.63.0):
    - Folly (= 2020.01.13.00)
    - glog
    - React-Core/Default
    - React-cxxreact (= 0.63.0)
    - React-jsi (= 0.63.0)
    - React-jsiexecutor (= 0.63.0)
    - Yoga
  - React-Core/RCTSettingsHeaders (0.63.0):
    - Folly (= 2020.01.13.00)
    - glog
    - React-Core/Default
    - React-cxxreact (= 0.63.0)
    - React-jsi (= 0.63.0)
    - React-jsiexecutor (= 0.63.0)
    - Yoga
  - React-Core/RCTTextHeaders (0.63.0):
    - Folly (= 2020.01.13.00)
    - glog
    - React-Core/Default
    - React-cxxreact (= 0.63.0)
    - React-jsi (= 0.63.0)
    - React-jsiexecutor (= 0.63.0)
    - Yoga
  - React-Core/RCTVibrationHeaders (0.63.0):
    - Folly (= 2020.01.13.00)
    - glog
    - React-Core/Default
    - React-cxxreact (= 0.63.0)
    - React-jsi (= 0.63.0)
    - React-jsiexecutor (= 0.63.0)
    - Yoga
  - React-Core/RCTWebSocket (0.63.0):
    - Folly (= 2020.01.13.00)
    - glog
    - React-Core/Default (= 0.63.0)
    - React-cxxreact (= 0.63.0)
    - React-jsi (= 0.63.0)
    - React-jsiexecutor (= 0.63.0)
    - Yoga
  - React-CoreModules (0.63.0):
    - FBReactNativeSpec (= 0.63.0)
    - Folly (= 2020.01.13.00)
    - RCTTypeSafety (= 0.63.0)
    - React-Core/CoreModulesHeaders (= 0.63.0)
    - React-jsi (= 0.63.0)
    - React-RCTImage (= 0.63.0)
    - ReactCommon/turbomodule/core (= 0.63.0)
  - React-cxxreact (0.63.0):
    - boost-for-react-native (= 1.63.0)
    - DoubleConversion
    - Folly (= 2020.01.13.00)
    - glog
    - React-callinvoker (= 0.63.0)
    - React-jsinspector (= 0.63.0)
  - React-jsi (0.63.0):
    - boost-for-react-native (= 1.63.0)
    - DoubleConversion
    - Folly (= 2020.01.13.00)
    - glog
    - React-jsi/Default (= 0.63.0)
  - React-jsi/Default (0.63.0):
    - boost-for-react-native (= 1.63.0)
    - DoubleConversion
    - Folly (= 2020.01.13.00)
    - glog
  - React-jsiexecutor (0.63.0):
    - DoubleConversion
    - Folly (= 2020.01.13.00)
    - glog
    - React-cxxreact (= 0.63.0)
    - React-jsi (= 0.63.0)
  - React-jsinspector (0.63.0)
  - react-native-camera (3.33.0):
    - React
    - react-native-camera/RCT (= 3.33.0)
    - react-native-camera/RN (= 3.33.0)
  - react-native-camera/RCT (3.33.0):
    - React
  - react-native-camera/RN (3.33.0):
    - React
  - react-native-madlogic (1.0.0):
    - Alamofire (= 4.9.1)
    - Kingfisher (= 4.8.0)
    - MagicalRecord (~> 2.3.2)
    - ObjectMapper (= 3.3.0)
    - React
    - RealmSwift (= 2.10.2)
    - SnapKit (= 4.2.0)
    - SVProgressHUD (= 2.2.1)
    - ZIPFoundation (= 0.9.6)
  - react-native-safe-area-context (3.0.7):
    - React
  - react-native-slider (3.0.0):
    - React
  - react-native-webview (10.3.2):
    - React
  - React-RCTActionSheet (0.63.0):
    - React-Core/RCTActionSheetHeaders (= 0.63.0)
  - React-RCTAnimation (0.63.0):
    - FBReactNativeSpec (= 0.63.0)
    - Folly (= 2020.01.13.00)
    - RCTTypeSafety (= 0.63.0)
    - React-Core/RCTAnimationHeaders (= 0.63.0)
    - React-jsi (= 0.63.0)
    - ReactCommon/turbomodule/core (= 0.63.0)
  - React-RCTBlob (0.63.0):
    - FBReactNativeSpec (= 0.63.0)
    - Folly (= 2020.01.13.00)
    - React-Core/RCTBlobHeaders (= 0.63.0)
    - React-Core/RCTWebSocket (= 0.63.0)
    - React-jsi (= 0.63.0)
    - React-RCTNetwork (= 0.63.0)
    - ReactCommon/turbomodule/core (= 0.63.0)
  - React-RCTImage (0.63.0):
    - FBReactNativeSpec (= 0.63.0)
    - Folly (= 2020.01.13.00)
    - RCTTypeSafety (= 0.63.0)
    - React-Core/RCTImageHeaders (= 0.63.0)
    - React-jsi (= 0.63.0)
    - React-RCTNetwork (= 0.63.0)
    - ReactCommon/turbomodule/core (= 0.63.0)
  - React-RCTLinking (0.63.0):
    - FBReactNativeSpec (= 0.63.0)
    - React-Core/RCTLinkingHeaders (= 0.63.0)
    - React-jsi (= 0.63.0)
    - ReactCommon/turbomodule/core (= 0.63.0)
  - React-RCTNetwork (0.63.0):
    - FBReactNativeSpec (= 0.63.0)
    - Folly (= 2020.01.13.00)
    - RCTTypeSafety (= 0.63.0)
    - React-Core/RCTNetworkHeaders (= 0.63.0)
    - React-jsi (= 0.63.0)
    - ReactCommon/turbomodule/core (= 0.63.0)
  - React-RCTSettings (0.63.0):
    - FBReactNativeSpec (= 0.63.0)
    - Folly (= 2020.01.13.00)
    - RCTTypeSafety (= 0.63.0)
    - React-Core/RCTSettingsHeaders (= 0.63.0)
    - React-jsi (= 0.63.0)
    - ReactCommon/turbomodule/core (= 0.63.0)
  - React-RCTText (0.63.0):
    - React-Core/RCTTextHeaders (= 0.63.0)
  - React-RCTVibration (0.63.0):
    - FBReactNativeSpec (= 0.63.0)
    - Folly (= 2020.01.13.00)
    - React-Core/RCTVibrationHeaders (= 0.63.0)
    - React-jsi (= 0.63.0)
    - ReactCommon/turbomodule/core (= 0.63.0)
  - ReactCommon/turbomodule/core (0.63.0):
    - DoubleConversion
    - Folly (= 2020.01.13.00)
    - glog
    - React-callinvoker (= 0.63.0)
    - React-Core (= 0.63.0)
    - React-cxxreact (= 0.63.0)
    - React-jsi (= 0.63.0)
  - Realm (2.10.2):
    - Realm/Headers (= 2.10.2)
  - Realm/Headers (2.10.2)
  - RealmSwift (2.10.2):
    - Realm (= 2.10.2)
  - RNCAsyncStorage (1.11.0):
    - React
  - RNCMaskedView (0.1.10):
    - React
  - RNGestureHandler (1.6.1):
    - React
  - RNLocalize (1.4.0):
    - React
  - RNPermissions (2.1.5):
    - React
  - RNReanimated (1.9.0):
    - React
  - RNScreens (2.9.0):
    - React
  - RNSVG (12.1.0):
    - React
  - RNVectorIcons (7.0.0):
    - React
  - SnapKit (4.2.0)
  - SVProgressHUD (2.2.1)
  - Yoga (1.14.0)
  - ZIPFoundation (0.9.6)

DEPENDENCIES:
  - DoubleConversion (from `../node_modules/react-native/third-party-podspecs/DoubleConversion.podspec`)
  - FBLazyVector (from `../node_modules/react-native/Libraries/FBLazyVector`)
  - FBReactNativeSpec (from `../node_modules/react-native/Libraries/FBReactNativeSpec`)
  - Folly (from `../node_modules/react-native/third-party-podspecs/Folly.podspec`)
  - glog (from `../node_modules/react-native/third-party-podspecs/glog.podspec`)
  - Permission-Camera (from `../node_modules/react-native-permissions/ios/Camera.podspec`)
  - RCTRequired (from `../node_modules/react-native/Libraries/RCTRequired`)
  - RCTTypeSafety (from `../node_modules/react-native/Libraries/TypeSafety`)
  - React (from `../node_modules/react-native/`)
  - React-callinvoker (from `../node_modules/react-native/ReactCommon/callinvoker`)
  - React-Core (from `../node_modules/react-native/`)
  - React-Core/DevSupport (from `../node_modules/react-native/`)
  - React-Core/RCTWebSocket (from `../node_modules/react-native/`)
  - React-CoreModules (from `../node_modules/react-native/React/CoreModules`)
  - React-cxxreact (from `../node_modules/react-native/ReactCommon/cxxreact`)
  - React-jsi (from `../node_modules/react-native/ReactCommon/jsi`)
  - React-jsiexecutor (from `../node_modules/react-native/ReactCommon/jsiexecutor`)
  - React-jsinspector (from `../node_modules/react-native/ReactCommon/jsinspector`)
  - react-native-camera (from `../node_modules/react-native-camera`)
  - react-native-madlogic (from `../node_modules/react-native-madlogic`)
  - react-native-safe-area-context (from `../node_modules/react-native-safe-area-context`)
  - "react-native-slider (from `../node_modules/@react-native-community/slider`)"
  - react-native-webview (from `../node_modules/react-native-webview`)
  - React-RCTActionSheet (from `../node_modules/react-native/Libraries/ActionSheetIOS`)
  - React-RCTAnimation (from `../node_modules/react-native/Libraries/NativeAnimation`)
  - React-RCTBlob (from `../node_modules/react-native/Libraries/Blob`)
  - React-RCTImage (from `../node_modules/react-native/Libraries/Image`)
  - React-RCTLinking (from `../node_modules/react-native/Libraries/LinkingIOS`)
  - React-RCTNetwork (from `../node_modules/react-native/Libraries/Network`)
  - React-RCTSettings (from `../node_modules/react-native/Libraries/Settings`)
  - React-RCTText (from `../node_modules/react-native/Libraries/Text`)
  - React-RCTVibration (from `../node_modules/react-native/Libraries/Vibration`)
  - ReactCommon/turbomodule/core (from `../node_modules/react-native/ReactCommon`)
  - "RNCAsyncStorage (from `../node_modules/@react-native-community/async-storage`)"
  - "RNCMaskedView (from `../node_modules/@react-native-community/masked-view`)"
  - RNGestureHandler (from `../node_modules/react-native-gesture-handler`)
  - RNLocalize (from `../node_modules/react-native-localize`)
  - RNPermissions (from `../node_modules/react-native-permissions`)
  - RNReanimated (from `../node_modules/react-native-reanimated`)
  - RNScreens (from `../node_modules/react-native-screens`)
  - RNSVG (from `../node_modules/react-native-svg`)
  - RNVectorIcons (from `../node_modules/react-native-vector-icons`)
  - Yoga (from `../node_modules/react-native/ReactCommon/yoga`)

SPEC REPOS:
  trunk:
    - Alamofire
    - boost-for-react-native
    - Kingfisher
    - MagicalRecord
    - ObjectMapper
    - Realm
    - RealmSwift
    - SnapKit
    - SVProgressHUD
    - ZIPFoundation

EXTERNAL SOURCES:
  DoubleConversion:
    :podspec: "../node_modules/react-native/third-party-podspecs/DoubleConversion.podspec"
  FBLazyVector:
    :path: "../node_modules/react-native/Libraries/FBLazyVector"
  FBReactNativeSpec:
    :path: "../node_modules/react-native/Libraries/FBReactNativeSpec"
  Folly:
    :podspec: "../node_modules/react-native/third-party-podspecs/Folly.podspec"
  glog:
    :podspec: "../node_modules/react-native/third-party-podspecs/glog.podspec"
  Permission-Camera:
    :path: "../node_modules/react-native-permissions/ios/Camera.podspec"
  RCTRequired:
    :path: "../node_modules/react-native/Libraries/RCTRequired"
  RCTTypeSafety:
    :path: "../node_modules/react-native/Libraries/TypeSafety"
  React:
    :path: "../node_modules/react-native/"
  React-callinvoker:
    :path: "../node_modules/react-native/ReactCommon/callinvoker"
  React-Core:
    :path: "../node_modules/react-native/"
  React-CoreModules:
    :path: "../node_modules/react-native/React/CoreModules"
  React-cxxreact:
    :path: "../node_modules/react-native/ReactCommon/cxxreact"
  React-jsi:
    :path: "../node_modules/react-native/ReactCommon/jsi"
  React-jsiexecutor:
    :path: "../node_modules/react-native/ReactCommon/jsiexecutor"
  React-jsinspector:
    :path: "../node_modules/react-native/ReactCommon/jsinspector"
  react-native-camera:
    :path: "../node_modules/react-native-camera"
  react-native-madlogic:
    :path: "../node_modules/react-native-madlogic"
  react-native-safe-area-context:
    :path: "../node_modules/react-native-safe-area-context"
  react-native-slider:
    :path: "../node_modules/@react-native-community/slider"
  react-native-webview:
    :path: "../node_modules/react-native-webview"
  React-RCTActionSheet:
    :path: "../node_modules/react-native/Libraries/ActionSheetIOS"
  React-RCTAnimation:
    :path: "../node_modules/react-native/Libraries/NativeAnimation"
  React-RCTBlob:
    :path: "../node_modules/react-native/Libraries/Blob"
  React-RCTImage:
    :path: "../node_modules/react-native/Libraries/Image"
  React-RCTLinking:
    :path: "../node_modules/react-native/Libraries/LinkingIOS"
  React-RCTNetwork:
    :path: "../node_modules/react-native/Libraries/Network"
  React-RCTSettings:
    :path: "../node_modules/react-native/Libraries/Settings"
  React-RCTText:
    :path: "../node_modules/react-native/Libraries/Text"
  React-RCTVibration:
    :path: "../node_modules/react-native/Libraries/Vibration"
  ReactCommon:
    :path: "../node_modules/react-native/ReactCommon"
  RNCAsyncStorage:
    :path: "../node_modules/@react-native-community/async-storage"
  RNCMaskedView:
    :path: "../node_modules/@react-native-community/masked-view"
  RNGestureHandler:
    :path: "../node_modules/react-native-gesture-handler"
  RNLocalize:
    :path: "../node_modules/react-native-localize"
  RNPermissions:
    :path: "../node_modules/react-native-permissions"
  RNReanimated:
    :path: "../node_modules/react-native-reanimated"
  RNScreens:
    :path: "../node_modules/react-native-screens"
  RNSVG:
    :path: "../node_modules/react-native-svg"
  RNVectorIcons:
    :path: "../node_modules/react-native-vector-icons"
  Yoga:
    :path: "../node_modules/react-native/ReactCommon/yoga"

SPEC CHECKSUMS:
  Alamofire: 85e8a02c69d6020a0d734f6054870d7ecb75cf18
  boost-for-react-native: 39c7adb57c4e60d6c5479dd8623128eb5b3f0f2c
  DoubleConversion: cde416483dac037923206447da6e1454df403714
  FBLazyVector: 6f1045c66f816849b33c4ff28930b611e89059a0
  FBReactNativeSpec: e856d5103d749483f86f53afafd8df4ed8a776bd
  Folly: b73c3869541e86821df3c387eb0af5f65addfab4
  glog: 40a13f7840415b9a77023fbcae0f1e6f43192af3
  Kingfisher: 976d828df2b24834c6a3f2fc4d82cdbd26552be1
  MagicalRecord: 53bed74b4323b930992a725be713e53b37d19755
  ObjectMapper: b612bf8c8e99c4dc0bb6013a51f7c27966ed5da9
  Permission-Camera: 53d46bd722aea28d796e20f05fb3cbe6cde6ccb6
  RCTRequired: e46bb77db03887b3e200d34b08515c804669db99
  RCTTypeSafety: 270fed6675c42f80fb87b47d626ef3cede1505e6
  React: e008906ff1328f9bccb345ff4f7826397ad223fc
  React-callinvoker: f547824e0a626f4bce516ee65f548004b0784e7e
  React-Core: 1c28d2ecde60ded3fe42d8db4f684afb8709757b
  React-CoreModules: 8e6139e59f5347e2cf3ceb63e4532fb5b4b39a2d
  React-cxxreact: 98fef06e1ca59eb075ef5bc4c6f256d5c6840936
  React-jsi: 254710f3a97e587427bfbf3011dacec2af66a1fc
  React-jsiexecutor: 0e0cb4e170ca72d4bb1179843d08dcbea3d100ac
  React-jsinspector: fc661eff8edbfb7e22119382c13f33bcadde0f3c
  react-native-camera: b95731eb91691ae7c8acdd496a1ef051ae2e65ff
  react-native-madlogic: 9b52c60d1ae3d2b808d0c836131ce92eaabf9e66
  react-native-safe-area-context: c39fc20a20cd66ebf1d56c6f8b8711142fbfee98
  react-native-slider: 05f11678260cb27c3d00a2dd1558b623be3ec8d2
  react-native-webview: e2c0bce9a1a7c7edd4eb30f0c3016fce216245ce
  React-RCTActionSheet: aadd91a1d6cbfae50dd41f140004f816e9e47ade
  React-RCTAnimation: 7fa2ef6c0ef1e3f0b7d2261c827ec94412deb5e6
  React-RCTBlob: ccbbc70295aee3a76a70323b48f63fb7a7fcffd6
  React-RCTImage: d94eb3080b37a4527ade4dd5f9f1289b7ba68089
  React-RCTLinking: ddd2a1ddb699bade352d4747d5652f4c425c747a
  React-RCTNetwork: 4590b11cc6e99eb01a48f1c03bcadfb8b792d005
  React-RCTSettings: 9197a492268a088c5213ef8a08cfc60b7a141369
  React-RCTText: ba503bf4cce41881ca258ba789c33e017955efdd
  React-RCTVibration: 77ab1cf4a5eb854b88ad5ed3e9d8509ed124525e
  ReactCommon: f63556ee9e41e9802257228237e5e660451a03cf
  Realm: 0ef72b837fb67e9f4b098bac771ddd72c7fdbb69
  RealmSwift: 07a9ae0505091eda6b2ee7c190c3786d6e90a7b0
  RNCAsyncStorage: db711e29e5e0500d9bd21aa0c2e397efa45302b1
  RNCMaskedView: f5c7d14d6847b7b44853f7acb6284c1da30a3459
  RNGestureHandler: 8f09cd560f8d533eb36da5a6c5a843af9f056b38
  RNLocalize: fc27ee5878ce5a3af73873fb2d8e866e0d1e6d84
  RNPermissions: 1888705aebcc81714efa5dbff94351e4388ae012
  RNReanimated: b5ccb50650ba06f6e749c7c329a1bc3ae0c88b43
  RNScreens: c526239bbe0e957b988dacc8d75ac94ec9cb19da
  RNSVG: ce9d996113475209013317e48b05c21ee988d42e
  RNVectorIcons: da6fe858f5a65d7bbc3379540a889b0b12aa5976
  SnapKit: fe8a619752f3f27075cc9a90244d75c6c3f27e2a
  SVProgressHUD: db27c54e6e18bc903341661fc9feb55e04905cc4
  Yoga: 7d2edc5b410474191962e6dee88ee67f9b328b6b
  ZIPFoundation: 68c35eb2637c21abe56dc60b3277636443bc1501

PODFILE CHECKSUM: 6d6638e723f3cd9b5a584aa28e06bb0a4925d00a

COCOAPODS: 1.9.3
